
Microsoft Visual Studio Solution File, Format Version 12.00
# Visual Studio 15
VisualStudioVersion = 15.0.26730.3
MinimumVisualStudioVersion = 10.0.40219.1
Project("{FAE04EC0-301F-11D3-BF4B-00C04F79EFBC}") = "EqualSums", "EqualSums\EqualSums.csproj", "{7F9C346C-333F-4FB8-8CDD-D300632E99F0}"
EndProject
Global
	GlobalSection(SolutionConfigurationPlatforms) = preSolution
		Debug|Any CPU = Debug|Any CPU
		Release|Any CPU = Release|Any CPU
	EndGlobalSection
	GlobalSection(ProjectConfigurationPlatforms) = postSolution
		{7F9C346C-333F-4FB8-8CDD-D300632E99F0}.Debug|Any CPU.ActiveCfg = Debug|Any CPU
		{7F9C346C-333F-4FB8-8CDD-D300632E99F0}.Debug|Any CPU.Build.0 = Debug|Any CPU
		{7F9C346C-333F-4FB8-8CDD-D300632E99F0}.Release|Any CPU.ActiveCfg = Release|Any CPU
		{7F9C346C-333F-4FB8-8CDD-D300632E99F0}.Release|Any CPU.Build.0 = Release|Any CPU
	EndGlobalSection
	GlobalSection(SolutionProperties) = preSolution
		HideSolutionNode = FALSE
	EndGlobalSection
	GlobalSection(ExtensibilityGlobals) = postSolution
		SolutionGuid = {E49AB863-C210-4603-AC28-51B2BC4D99BD}
	EndGlobalSection
EndGlobal
