
Microsoft Visual Studio Solution File, Format Version 12.00
# Visual Studio 15
VisualStudioVersion = 15.0.27130.2003
MinimumVisualStudioVersion = 10.0.40219.1
Project("{FAE04EC0-301F-11D3-BF4B-00C04F79EFBC}") = "CalculateTriangleArea", "CalculateTriangleArea.csproj", "{69F8BF31-F3FC-4AD1-80A5-5E7D3DFEFE68}"
EndProject
Global
	GlobalSection(SolutionConfigurationPlatforms) = preSolution
		Debug|Any CPU = Debug|Any CPU
		Release|Any CPU = Release|Any CPU
	EndGlobalSection
	GlobalSection(ProjectConfigurationPlatforms) = postSolution
		{69F8BF31-F3FC-4AD1-80A5-5E7D3DFEFE68}.Debug|Any CPU.ActiveCfg = Debug|Any CPU
		{69F8BF31-F3FC-4AD1-80A5-5E7D3DFEFE68}.Debug|Any CPU.Build.0 = Debug|Any CPU
		{69F8BF31-F3FC-4AD1-80A5-5E7D3DFEFE68}.Release|Any CPU.ActiveCfg = Release|Any CPU
		{69F8BF31-F3FC-4AD1-80A5-5E7D3DFEFE68}.Release|Any CPU.Build.0 = Release|Any CPU
	EndGlobalSection
	GlobalSection(SolutionProperties) = preSolution
		HideSolutionNode = FALSE
	EndGlobalSection
	GlobalSection(ExtensibilityGlobals) = postSolution
		SolutionGuid = {73672EE9-6C9B-4EDA-B9BF-40104D267356}
	EndGlobalSection
EndGlobal
