
Microsoft Visual Studio Solution File, Format Version 12.00
# Visual Studio 15
VisualStudioVersion = 15.0.27130.2003
MinimumVisualStudioVersion = 10.0.40219.1
Project("{FAE04EC0-301F-11D3-BF4B-00C04F79EFBC}") = "NumbersInReversedOrder", "NumbersInReversedOrder.csproj", "{C5B58603-7447-4512-8BA7-7918260D633E}"
EndProject
Global
	GlobalSection(SolutionConfigurationPlatforms) = preSolution
		Debug|Any CPU = Debug|Any CPU
		Release|Any CPU = Release|Any CPU
	EndGlobalSection
	GlobalSection(ProjectConfigurationPlatforms) = postSolution
		{C5B58603-7447-4512-8BA7-7918260D633E}.Debug|Any CPU.ActiveCfg = Debug|Any CPU
		{C5B58603-7447-4512-8BA7-7918260D633E}.Debug|Any CPU.Build.0 = Debug|Any CPU
		{C5B58603-7447-4512-8BA7-7918260D633E}.Release|Any CPU.ActiveCfg = Release|Any CPU
		{C5B58603-7447-4512-8BA7-7918260D633E}.Release|Any CPU.Build.0 = Release|Any CPU
	EndGlobalSection
	GlobalSection(SolutionProperties) = preSolution
		HideSolutionNode = FALSE
	EndGlobalSection
	GlobalSection(ExtensibilityGlobals) = postSolution
		SolutionGuid = {A3DDBC27-6E04-4999-9671-D9FF5A3C07CC}
	EndGlobalSection
EndGlobal
