
Microsoft Visual Studio Solution File, Format Version 12.00
# Visual Studio 15
VisualStudioVersion = 15.0.27130.2003
MinimumVisualStudioVersion = 10.0.40219.1
Project("{FAE04EC0-301F-11D3-BF4B-00C04F79EFBC}") = "MasterNumber", "MasterNumber.csproj", "{C33DBFDE-BA00-4ADF-B9F9-E45364295B15}"
EndProject
Global
	GlobalSection(SolutionConfigurationPlatforms) = preSolution
		Debug|Any CPU = Debug|Any CPU
		Release|Any CPU = Release|Any CPU
	EndGlobalSection
	GlobalSection(ProjectConfigurationPlatforms) = postSolution
		{C33DBFDE-BA00-4ADF-B9F9-E45364295B15}.Debug|Any CPU.ActiveCfg = Debug|Any CPU
		{C33DBFDE-BA00-4ADF-B9F9-E45364295B15}.Debug|Any CPU.Build.0 = Debug|Any CPU
		{C33DBFDE-BA00-4ADF-B9F9-E45364295B15}.Release|Any CPU.ActiveCfg = Release|Any CPU
		{C33DBFDE-BA00-4ADF-B9F9-E45364295B15}.Release|Any CPU.Build.0 = Release|Any CPU
	EndGlobalSection
	GlobalSection(SolutionProperties) = preSolution
		HideSolutionNode = FALSE
	EndGlobalSection
	GlobalSection(ExtensibilityGlobals) = postSolution
		SolutionGuid = {7305D3DB-1F3B-4040-83B2-C2F69C1DF597}
	EndGlobalSection
EndGlobal
