
Microsoft Visual Studio Solution File, Format Version 12.00
# Visual Studio 15
VisualStudioVersion = 15.0.27130.2003
MinimumVisualStudioVersion = 10.0.40219.1
Project("{FAE04EC0-301F-11D3-BF4B-00C04F79EFBC}") = "TrainingHallEquipment", "TrainingHallEquipment.csproj", "{F6093287-96E5-495E-80D9-FEBDEB8B0BBB}"
EndProject
Global
	GlobalSection(SolutionConfigurationPlatforms) = preSolution
		Debug|Any CPU = Debug|Any CPU
		Release|Any CPU = Release|Any CPU
	EndGlobalSection
	GlobalSection(ProjectConfigurationPlatforms) = postSolution
		{F6093287-96E5-495E-80D9-FEBDEB8B0BBB}.Debug|Any CPU.ActiveCfg = Debug|Any CPU
		{F6093287-96E5-495E-80D9-FEBDEB8B0BBB}.Debug|Any CPU.Build.0 = Debug|Any CPU
		{F6093287-96E5-495E-80D9-FEBDEB8B0BBB}.Release|Any CPU.ActiveCfg = Release|Any CPU
		{F6093287-96E5-495E-80D9-FEBDEB8B0BBB}.Release|Any CPU.Build.0 = Release|Any CPU
	EndGlobalSection
	GlobalSection(SolutionProperties) = preSolution
		HideSolutionNode = FALSE
	EndGlobalSection
	GlobalSection(ExtensibilityGlobals) = postSolution
		SolutionGuid = {E591766F-EE59-4AFC-979A-04ECDF62A7AC}
	EndGlobalSection
EndGlobal
