
Microsoft Visual Studio Solution File, Format Version 12.00
# Visual Studio 15
VisualStudioVersion = 15.0.27130.2003
MinimumVisualStudioVersion = 10.0.40219.1
Project("{FAE04EC0-301F-11D3-BF4B-00C04F79EFBC}") = "MathPower", "MathPower.csproj", "{F6EC5D87-6972-4C57-B892-448671FEE3C2}"
EndProject
Global
	GlobalSection(SolutionConfigurationPlatforms) = preSolution
		Debug|Any CPU = Debug|Any CPU
		Release|Any CPU = Release|Any CPU
	EndGlobalSection
	GlobalSection(ProjectConfigurationPlatforms) = postSolution
		{F6EC5D87-6972-4C57-B892-448671FEE3C2}.Debug|Any CPU.ActiveCfg = Debug|Any CPU
		{F6EC5D87-6972-4C57-B892-448671FEE3C2}.Debug|Any CPU.Build.0 = Debug|Any CPU
		{F6EC5D87-6972-4C57-B892-448671FEE3C2}.Release|Any CPU.ActiveCfg = Release|Any CPU
		{F6EC5D87-6972-4C57-B892-448671FEE3C2}.Release|Any CPU.Build.0 = Release|Any CPU
	EndGlobalSection
	GlobalSection(SolutionProperties) = preSolution
		HideSolutionNode = FALSE
	EndGlobalSection
	GlobalSection(ExtensibilityGlobals) = postSolution
		SolutionGuid = {9031AD67-C00F-4BC2-8577-C56F5349FF7B}
	EndGlobalSection
EndGlobal
