
Microsoft Visual Studio Solution File, Format Version 12.00
# Visual Studio 15
VisualStudioVersion = 15.0.27130.2003
MinimumVisualStudioVersion = 10.0.40219.1
Project("{FAE04EC0-301F-11D3-BF4B-00C04F79EFBC}") = "HelloName", "HelloName.csproj", "{A30E2EC8-31A5-486B-8ED3-8685969025E4}"
EndProject
Global
	GlobalSection(SolutionConfigurationPlatforms) = preSolution
		Debug|Any CPU = Debug|Any CPU
		Release|Any CPU = Release|Any CPU
	EndGlobalSection
	GlobalSection(ProjectConfigurationPlatforms) = postSolution
		{A30E2EC8-31A5-486B-8ED3-8685969025E4}.Debug|Any CPU.ActiveCfg = Debug|Any CPU
		{A30E2EC8-31A5-486B-8ED3-8685969025E4}.Debug|Any CPU.Build.0 = Debug|Any CPU
		{A30E2EC8-31A5-486B-8ED3-8685969025E4}.Release|Any CPU.ActiveCfg = Release|Any CPU
		{A30E2EC8-31A5-486B-8ED3-8685969025E4}.Release|Any CPU.Build.0 = Release|Any CPU
	EndGlobalSection
	GlobalSection(SolutionProperties) = preSolution
		HideSolutionNode = FALSE
	EndGlobalSection
	GlobalSection(ExtensibilityGlobals) = postSolution
		SolutionGuid = {C48D7184-B8EC-48C3-A8E7-D5DFA79B6B9D}
	EndGlobalSection
EndGlobal
