
Microsoft Visual Studio Solution File, Format Version 12.00
# Visual Studio 15
VisualStudioVersion = 15.0.27130.2003
MinimumVisualStudioVersion = 10.0.40219.1
Project("{FAE04EC0-301F-11D3-BF4B-00C04F79EFBC}") = "Greeting", "Greeting.csproj", "{C455D725-2379-4BA8-A520-6979F95C0F73}"
EndProject
Global
	GlobalSection(SolutionConfigurationPlatforms) = preSolution
		Debug|Any CPU = Debug|Any CPU
		Release|Any CPU = Release|Any CPU
	EndGlobalSection
	GlobalSection(ProjectConfigurationPlatforms) = postSolution
		{C455D725-2379-4BA8-A520-6979F95C0F73}.Debug|Any CPU.ActiveCfg = Debug|Any CPU
		{C455D725-2379-4BA8-A520-6979F95C0F73}.Debug|Any CPU.Build.0 = Debug|Any CPU
		{C455D725-2379-4BA8-A520-6979F95C0F73}.Release|Any CPU.ActiveCfg = Release|Any CPU
		{C455D725-2379-4BA8-A520-6979F95C0F73}.Release|Any CPU.Build.0 = Release|Any CPU
	EndGlobalSection
	GlobalSection(SolutionProperties) = preSolution
		HideSolutionNode = FALSE
	EndGlobalSection
	GlobalSection(ExtensibilityGlobals) = postSolution
		SolutionGuid = {A60825B7-6AF1-4364-B909-B2FA962F4B71}
	EndGlobalSection
EndGlobal
